
Microsoft Visual Studio Solution File, Format Version 12.00
# Visual Studio 2013
VisualStudioVersion = 12.0.21005.1
MinimumVisualStudioVersion = 10.0.40219.1
Project("{FAE04EC0-301F-11D3-BF4B-00C04F79EFBC}") = "Controls.DataVisualization.Toolkit", "DataVisualization\Controls.DataVisualization.Toolkit.csproj", "{066FB4E3-8F9C-42D0-9982-8B1F238FAF63}"
EndProject
Project("{FAE04EC0-301F-11D3-BF4B-00C04F79EFBC}") = "WPFToolkitSamples", "Samples\WPFToolkitSamples.csproj", "{50A16FB2-1BE3-4C26-94F5-EC0FEBC70C28}"
EndProject
Project("{FAE04EC0-301F-11D3-BF4B-00C04F79EFBC}") = "Controls.Input.Toolkit", "Input\Controls.Input.Toolkit.csproj", "{83E92AA1-85BC-4B5A-A126-CDCCF2C6E968}"
EndProject
Project("{FAE04EC0-301F-11D3-BF4B-00C04F79EFBC}") = "Controls.Layout.Toolkit", "Layout\Controls.Layout.Toolkit.csproj", "{82123C26-FFD4-455D-B5D9-78E72F465961}"
EndProject
Project("{FAE04EC0-301F-11D3-BF4B-00C04F79EFBC}") = "WPF.Themes", "WPF.Themes\WPF.Themes.csproj", "{CD3CD636-D63E-4BD5-9FE9-2B63DA6F0616}"
EndProject
Global
	GlobalSection(SolutionConfigurationPlatforms) = preSolution
		Debug|Any CPU = Debug|Any CPU
		Release with Code Analysis|Any CPU = Release with Code Analysis|Any CPU
		Release|Any CPU = Release|Any CPU
	EndGlobalSection
	GlobalSection(ProjectConfigurationPlatforms) = postSolution
		{066FB4E3-8F9C-42D0-9982-8B1F238FAF63}.Debug|Any CPU.ActiveCfg = Debug|Any CPU
		{066FB4E3-8F9C-42D0-9982-8B1F238FAF63}.Debug|Any CPU.Build.0 = Debug|Any CPU
		{066FB4E3-8F9C-42D0-9982-8B1F238FAF63}.Release with Code Analysis|Any CPU.ActiveCfg = Release with Code Analysis|Any CPU
		{066FB4E3-8F9C-42D0-9982-8B1F238FAF63}.Release with Code Analysis|Any CPU.Build.0 = Release with Code Analysis|Any CPU
		{066FB4E3-8F9C-42D0-9982-8B1F238FAF63}.Release|Any CPU.ActiveCfg = Release|Any CPU
		{066FB4E3-8F9C-42D0-9982-8B1F238FAF63}.Release|Any CPU.Build.0 = Release|Any CPU
		{50A16FB2-1BE3-4C26-94F5-EC0FEBC70C28}.Debug|Any CPU.ActiveCfg = Debug|Any CPU
		{50A16FB2-1BE3-4C26-94F5-EC0FEBC70C28}.Debug|Any CPU.Build.0 = Debug|Any CPU
		{50A16FB2-1BE3-4C26-94F5-EC0FEBC70C28}.Release with Code Analysis|Any CPU.ActiveCfg = Release|Any CPU
		{50A16FB2-1BE3-4C26-94F5-EC0FEBC70C28}.Release with Code Analysis|Any CPU.Build.0 = Release|Any CPU
		{50A16FB2-1BE3-4C26-94F5-EC0FEBC70C28}.Release|Any CPU.ActiveCfg = Release|Any CPU
		{50A16FB2-1BE3-4C26-94F5-EC0FEBC70C28}.Release|Any CPU.Build.0 = Release|Any CPU
		{83E92AA1-85BC-4B5A-A126-CDCCF2C6E968}.Debug|Any CPU.ActiveCfg = Debug|Any CPU
		{83E92AA1-85BC-4B5A-A126-CDCCF2C6E968}.Debug|Any CPU.Build.0 = Debug|Any CPU
		{83E92AA1-85BC-4B5A-A126-CDCCF2C6E968}.Release with Code Analysis|Any CPU.ActiveCfg = Release|Any CPU
		{83E92AA1-85BC-4B5A-A126-CDCCF2C6E968}.Release with Code Analysis|Any CPU.Build.0 = Release|Any CPU
		{83E92AA1-85BC-4B5A-A126-CDCCF2C6E968}.Release|Any CPU.ActiveCfg = Release|Any CPU
		{83E92AA1-85BC-4B5A-A126-CDCCF2C6E968}.Release|Any CPU.Build.0 = Release|Any CPU
		{82123C26-FFD4-455D-B5D9-78E72F465961}.Debug|Any CPU.ActiveCfg = Debug|Any CPU
		{82123C26-FFD4-455D-B5D9-78E72F465961}.Debug|Any CPU.Build.0 = Debug|Any CPU
		{82123C26-FFD4-455D-B5D9-78E72F465961}.Release with Code Analysis|Any CPU.ActiveCfg = Release|Any CPU
		{82123C26-FFD4-455D-B5D9-78E72F465961}.Release with Code Analysis|Any CPU.Build.0 = Release|Any CPU
		{82123C26-FFD4-455D-B5D9-78E72F465961}.Release|Any CPU.ActiveCfg = Release|Any CPU
		{82123C26-FFD4-455D-B5D9-78E72F465961}.Release|Any CPU.Build.0 = Release|Any CPU
		{CD3CD636-D63E-4BD5-9FE9-2B63DA6F0616}.Debug|Any CPU.ActiveCfg = Debug|Any CPU
		{CD3CD636-D63E-4BD5-9FE9-2B63DA6F0616}.Debug|Any CPU.Build.0 = Debug|Any CPU
		{CD3CD636-D63E-4BD5-9FE9-2B63DA6F0616}.Release with Code Analysis|Any CPU.ActiveCfg = Release|Any CPU
		{CD3CD636-D63E-4BD5-9FE9-2B63DA6F0616}.Release with Code Analysis|Any CPU.Build.0 = Release|Any CPU
		{CD3CD636-D63E-4BD5-9FE9-2B63DA6F0616}.Release|Any CPU.ActiveCfg = Release|Any CPU
		{CD3CD636-D63E-4BD5-9FE9-2B63DA6F0616}.Release|Any CPU.Build.0 = Release|Any CPU
	EndGlobalSection
	GlobalSection(SolutionProperties) = preSolution
		HideSolutionNode = FALSE
	EndGlobalSection
EndGlobal
